# THIS IS AN AUTOGENERATED FILE. DO NOT EDIT THIS FILE DIRECTLY.
# yarn lockfile v1


dot-properties@^1.0.0:
  version "1.0.1"
  resolved "https://registry.yarnpkg.com/dot-properties/-/dot-properties-1.0.1.tgz#f0b8f7bf378de3ee119ff9a2d47495ca7d19553c"
  integrity sha512-cjIHHKlf2dPINJ5Io3lPocWvWmthXn3ztqyHVzUfufRiCiPECb0oiEqEGbEGaunFZtcMvwgUcxP9CTpLG4KCsA==

linguist-languages@^7.9.0:
  version "7.10.0"
  resolved "https://registry.yarnpkg.com/linguist-languages/-/linguist-languages-7.10.0.tgz#c2098dfe6c5a4ab665fb78f13b190344e4cff1af"
  integrity sha512-Uqt94P4iAznscZtccnNE1IBi105U+fmQKEUlDJv54JDdFZDInomkepEIRpZLOQcPyGdcNu3JO9Tvo5wpQVbfKw==

mvdan-sh@^0.5.0:
  version "0.5.0"
  resolved "https://registry.yarnpkg.com/mvdan-sh/-/mvdan-sh-0.5.0.tgz#fa76f611a103595ad0f04f5d18e582892c46e87c"
  integrity sha512-UWbdl4LHd2fUnaEcOUFVWRdWGLkNoV12cKVIPiirYd8qM5VkCoCTXErlDubevrkEG7kGohvjRxAlTQmOqG80tw==

prettier-plugin-package@^1.0.0:
  version "1.0.0"
  resolved "https://registry.yarnpkg.com/prettier-plugin-package/-/prettier-plugin-package-1.0.0.tgz#164a400f5b695246835b94c7e1b65ea253d67bdc"
  integrity sha512-flbKuLB7ftrW2zQYJjb0mF6zY7R0jDrYatpr0BBNj04Eb+g1RLbquOQSJE1LffDZfzU03fwJQ74grqQjQjYa3Q==

prettier-plugin-properties@^0.1.0:
  version "0.1.0"
  resolved "https://registry.yarnpkg.com/prettier-plugin-properties/-/prettier-plugin-properties-0.1.0.tgz#15302dfb9b34c0a845bd8ed6f8084e3765cdc05f"
  integrity sha512-lObSgVaTVWSyYWxKMOzRGmvQp64S1qumu5vS91ZlMc198ay8EGUuDH+Tc019iMJXc2KNpdAYif2qAJA6mjTkgA==
  dependencies:
    dot-properties "^1.0.0"
    linguist-languages "^7.9.0"

prettier-plugin-sh@^0.5.0:
  version "0.5.0"
  resolved "https://registry.yarnpkg.com/prettier-plugin-sh/-/prettier-plugin-sh-0.5.0.tgz#84fc56242b3fcd54c06250479c0a8f5cb35f04aa"
  integrity sha512-i06bh7jINWXLcVjiJTnJtBmTbrA/S1waFhbtG0YFLbTIxnvI7cDWM2pAqfNf8SEsT+yB6sTkJDaPGT4ip2lFWw==
  dependencies:
    mvdan-sh "^0.5.0"

prettier@^2.0.5:
  version "2.0.5"
  resolved "https://registry.yarnpkg.com/prettier/-/prettier-2.0.5.tgz#d6d56282455243f2f92cc1716692c08aa31522d4"
  integrity sha512-7PtVymN48hGcO4fGjybyBSIWDsLU4H4XlvOHfq91pz9kkGlonzwTfYkaIEwiRg/dAJF9YlbsduBAgtYLi+8cFg==
