# THIS IS AN AUTOGENERATED FILE. DO NOT EDIT THIS FILE DIRECTLY.
# yarn lockfile v1


"@araclx/tsconfig-base@^0.0.3":
  version "0.0.3"
  resolved "https://registry.yarnpkg.com/@araclx/tsconfig-base/-/tsconfig-base-0.0.3.tgz#cdddfef887595f281252ee2c52d3c77ec2738209"
  integrity sha512-h4rS1h1ESXDB9hGFds04RlSLgxoEVJb9RTuLZkaDYpBbHdXmTTRwSQHPtv6lCBWZdcE7OAexzAF9Y9/LpPIzXw==
